
Microsoft Visual Studio Solution File, Format Version 12.00
# Visual Studio 15
VisualStudioVersion = 15.0.28010.2036
MinimumVisualStudioVersion = 10.0.40219.1
Project("{FAE04EC0-301F-11D3-BF4B-00C04F79EFBC}") = "NullObjectGenerator", "NullObjectGenerator\NullObjectGenerator.csproj", "{69D384CB-68D5-4242-AFD4-16E26CF46F80}"
EndProject
Project("{FAE04EC0-301F-11D3-BF4B-00C04F79EFBC}") = "NullObjectGeneratorWizard", "NullObjectGeneratorWizard\NullObjectGeneratorWizard.csproj", "{9FACB31A-9762-4BA6-B42E-C3F128F061D3}"
EndProject
Global
	GlobalSection(SolutionConfigurationPlatforms) = preSolution
		Debug|Any CPU = Debug|Any CPU
		Release|Any CPU = Release|Any CPU
	EndGlobalSection
	GlobalSection(ProjectConfigurationPlatforms) = postSolution
		{69D384CB-68D5-4242-AFD4-16E26CF46F80}.Debug|Any CPU.ActiveCfg = Debug|Any CPU
		{69D384CB-68D5-4242-AFD4-16E26CF46F80}.Debug|Any CPU.Build.0 = Debug|Any CPU
		{69D384CB-68D5-4242-AFD4-16E26CF46F80}.Release|Any CPU.ActiveCfg = Release|Any CPU
		{69D384CB-68D5-4242-AFD4-16E26CF46F80}.Release|Any CPU.Build.0 = Release|Any CPU
		{9FACB31A-9762-4BA6-B42E-C3F128F061D3}.Debug|Any CPU.ActiveCfg = Debug|Any CPU
		{9FACB31A-9762-4BA6-B42E-C3F128F061D3}.Debug|Any CPU.Build.0 = Debug|Any CPU
		{9FACB31A-9762-4BA6-B42E-C3F128F061D3}.Release|Any CPU.ActiveCfg = Release|Any CPU
		{9FACB31A-9762-4BA6-B42E-C3F128F061D3}.Release|Any CPU.Build.0 = Release|Any CPU
	EndGlobalSection
	GlobalSection(SolutionProperties) = preSolution
		HideSolutionNode = FALSE
	EndGlobalSection
	GlobalSection(ExtensibilityGlobals) = postSolution
		SolutionGuid = {3BA3FDDF-6EA3-4CF1-AFCF-87AE684A9BA9}
	EndGlobalSection
EndGlobal
